
Microsoft Visual Studio Solution File, Format Version 10.00
# Visual Studio 2008
Project("{FAE04EC0-301F-11D3-BF4B-00C04F79EFBC}") = "FuTai.Web", "FuTai.Web\FuTai.Web.csproj", "{84DFC28C-C386-47DD-86C3-ADD187C84119}"
EndProject
Project("{FAE04EC0-301F-11D3-BF4B-00C04F79EFBC}") = "FuTai.Admin", "FuTai.Admin\FuTai.Admin.csproj", "{1C396BCE-1275-4083-B5B0-6D73174C365F}"
EndProject
Project("{FAE04EC0-301F-11D3-BF4B-00C04F79EFBC}") = "FuTai.Component", "FuTai.Component\FuTai.Component.csproj", "{5084CE4B-31F6-495D-9774-9DB1435EBFD3}"
EndProject
Project("{2150E333-8FDC-42A3-9474-1A3956D46DE8}") = "Solution Items", "Solution Items", "{E911CA2C-6D43-4E86-839E-06002EAEAD3E}"
	ProjectSection(SolutionItems) = preProject
		DataBase\FuTaiDBDoc.sqldoc = DataBase\FuTaiDBDoc.sqldoc
		字典.txt = 字典.txt
		开发日志.txt = 开发日志.txt
		开发规范.txt = 开发规范.txt
		维护.sql = 维护.sql
	EndProjectSection
EndProject
Project("{FAE04EC0-301F-11D3-BF4B-00C04F79EFBC}") = "AjaxPro", "AjaxPro\AjaxPro.csproj", "{9AD42568-07A4-4D8B-9C6D-1FD54683EF4B}"
EndProject
Global
	GlobalSection(SolutionConfigurationPlatforms) = preSolution
		Debug|Any CPU = Debug|Any CPU
		Default|Any CPU = Default|Any CPU
		Release|Any CPU = Release|Any CPU
	EndGlobalSection
	GlobalSection(ProjectConfigurationPlatforms) = postSolution
		{84DFC28C-C386-47DD-86C3-ADD187C84119}.Debug|Any CPU.ActiveCfg = Debug|Any CPU
		{84DFC28C-C386-47DD-86C3-ADD187C84119}.Debug|Any CPU.Build.0 = Debug|Any CPU
		{84DFC28C-C386-47DD-86C3-ADD187C84119}.Default|Any CPU.ActiveCfg = Debug|Any CPU
		{84DFC28C-C386-47DD-86C3-ADD187C84119}.Default|Any CPU.Build.0 = Debug|Any CPU
		{84DFC28C-C386-47DD-86C3-ADD187C84119}.Release|Any CPU.ActiveCfg = Release|Any CPU
		{84DFC28C-C386-47DD-86C3-ADD187C84119}.Release|Any CPU.Build.0 = Release|Any CPU
		{1C396BCE-1275-4083-B5B0-6D73174C365F}.Debug|Any CPU.ActiveCfg = Debug|Any CPU
		{1C396BCE-1275-4083-B5B0-6D73174C365F}.Debug|Any CPU.Build.0 = Debug|Any CPU
		{1C396BCE-1275-4083-B5B0-6D73174C365F}.Default|Any CPU.ActiveCfg = Debug|Any CPU
		{1C396BCE-1275-4083-B5B0-6D73174C365F}.Default|Any CPU.Build.0 = Debug|Any CPU
		{1C396BCE-1275-4083-B5B0-6D73174C365F}.Release|Any CPU.ActiveCfg = Release|Any CPU
		{1C396BCE-1275-4083-B5B0-6D73174C365F}.Release|Any CPU.Build.0 = Release|Any CPU
		{5084CE4B-31F6-495D-9774-9DB1435EBFD3}.Debug|Any CPU.ActiveCfg = Debug|Any CPU
		{5084CE4B-31F6-495D-9774-9DB1435EBFD3}.Debug|Any CPU.Build.0 = Debug|Any CPU
		{5084CE4B-31F6-495D-9774-9DB1435EBFD3}.Default|Any CPU.ActiveCfg = Debug|Any CPU
		{5084CE4B-31F6-495D-9774-9DB1435EBFD3}.Default|Any CPU.Build.0 = Debug|Any CPU
		{5084CE4B-31F6-495D-9774-9DB1435EBFD3}.Release|Any CPU.ActiveCfg = Release|Any CPU
		{5084CE4B-31F6-495D-9774-9DB1435EBFD3}.Release|Any CPU.Build.0 = Release|Any CPU
		{9AD42568-07A4-4D8B-9C6D-1FD54683EF4B}.Debug|Any CPU.ActiveCfg = Debug|Any CPU
		{9AD42568-07A4-4D8B-9C6D-1FD54683EF4B}.Debug|Any CPU.Build.0 = Debug|Any CPU
		{9AD42568-07A4-4D8B-9C6D-1FD54683EF4B}.Default|Any CPU.ActiveCfg = Debug|Any CPU
		{9AD42568-07A4-4D8B-9C6D-1FD54683EF4B}.Default|Any CPU.Build.0 = Debug|Any CPU
		{9AD42568-07A4-4D8B-9C6D-1FD54683EF4B}.Release|Any CPU.ActiveCfg = Release|Any CPU
		{9AD42568-07A4-4D8B-9C6D-1FD54683EF4B}.Release|Any CPU.Build.0 = Release|Any CPU
	EndGlobalSection
	GlobalSection(SolutionProperties) = preSolution
		HideSolutionNode = FALSE
	EndGlobalSection
EndGlobal
